
Microsoft Visual Studio Solution File, Format Version 12.00
# Visual Studio Version 17
VisualStudioVersion = 17.11.35327.3
MinimumVisualStudioVersion = 10.0.40219.1
Project("{FAE04EC0-301F-11D3-BF4B-00C04F79EFBC}") = "23.arreglos", "23.arreglos.csproj", "{F49E5D6F-5789-4C62-B1AD-E8FFF0676725}"
EndProject
Global
	GlobalSection(SolutionConfigurationPlatforms) = preSolution
		Debug|Any CPU = Debug|Any CPU
		Release|Any CPU = Release|Any CPU
	EndGlobalSection
	GlobalSection(ProjectConfigurationPlatforms) = postSolution
		{F49E5D6F-5789-4C62-B1AD-E8FFF0676725}.Debug|Any CPU.ActiveCfg = Debug|Any CPU
		{F49E5D6F-5789-4C62-B1AD-E8FFF0676725}.Debug|Any CPU.Build.0 = Debug|Any CPU
		{F49E5D6F-5789-4C62-B1AD-E8FFF0676725}.Release|Any CPU.ActiveCfg = Release|Any CPU
		{F49E5D6F-5789-4C62-B1AD-E8FFF0676725}.Release|Any CPU.Build.0 = Release|Any CPU
	EndGlobalSection
	GlobalSection(SolutionProperties) = preSolution
		HideSolutionNode = FALSE
	EndGlobalSection
	GlobalSection(ExtensibilityGlobals) = postSolution
		SolutionGuid = {8171EFB9-D9D6-4AAC-853C-FB2A2BB4CA10}
	EndGlobalSection
EndGlobal
