
Microsoft Visual Studio Solution File, Format Version 12.00
# Visual Studio Version 17
VisualStudioVersion = 17.11.35327.3
MinimumVisualStudioVersion = 10.0.40219.1
Project("{FAE04EC0-301F-11D3-BF4B-00C04F79EFBC}") = "6.CondicionalMultipleTerciario", "6.CondicionalMultipleTerciario\6.CondicionalMultipleTerciario.csproj", "{657DE225-D36C-4ADF-968E-D1081D75BAF7}"
EndProject
Global
	GlobalSection(SolutionConfigurationPlatforms) = preSolution
		Debug|Any CPU = Debug|Any CPU
		Release|Any CPU = Release|Any CPU
	EndGlobalSection
	GlobalSection(ProjectConfigurationPlatforms) = postSolution
		{657DE225-D36C-4ADF-968E-D1081D75BAF7}.Debug|Any CPU.ActiveCfg = Debug|Any CPU
		{657DE225-D36C-4ADF-968E-D1081D75BAF7}.Debug|Any CPU.Build.0 = Debug|Any CPU
		{657DE225-D36C-4ADF-968E-D1081D75BAF7}.Release|Any CPU.ActiveCfg = Release|Any CPU
		{657DE225-D36C-4ADF-968E-D1081D75BAF7}.Release|Any CPU.Build.0 = Release|Any CPU
	EndGlobalSection
	GlobalSection(SolutionProperties) = preSolution
		HideSolutionNode = FALSE
	EndGlobalSection
	GlobalSection(ExtensibilityGlobals) = postSolution
		SolutionGuid = {B4FE3E02-ADFE-41B6-BBD9-21E623548DC5}
	EndGlobalSection
EndGlobal
