
Microsoft Visual Studio Solution File, Format Version 12.00
# Visual Studio Version 17
VisualStudioVersion = 17.11.35327.3
MinimumVisualStudioVersion = 10.0.40219.1
Project("{FAE04EC0-301F-11D3-BF4B-00C04F79EFBC}") = "18.Dowhile", "18.Dowhile\18.Dowhile.csproj", "{C9ADD671-3585-4114-9F48-4654E008FB1B}"
EndProject
Global
	GlobalSection(SolutionConfigurationPlatforms) = preSolution
		Debug|Any CPU = Debug|Any CPU
		Release|Any CPU = Release|Any CPU
	EndGlobalSection
	GlobalSection(ProjectConfigurationPlatforms) = postSolution
		{C9ADD671-3585-4114-9F48-4654E008FB1B}.Debug|Any CPU.ActiveCfg = Debug|Any CPU
		{C9ADD671-3585-4114-9F48-4654E008FB1B}.Debug|Any CPU.Build.0 = Debug|Any CPU
		{C9ADD671-3585-4114-9F48-4654E008FB1B}.Release|Any CPU.ActiveCfg = Release|Any CPU
		{C9ADD671-3585-4114-9F48-4654E008FB1B}.Release|Any CPU.Build.0 = Release|Any CPU
	EndGlobalSection
	GlobalSection(SolutionProperties) = preSolution
		HideSolutionNode = FALSE
	EndGlobalSection
	GlobalSection(ExtensibilityGlobals) = postSolution
		SolutionGuid = {AD5801B7-84B2-4D50-B127-2AB16CAD0099}
	EndGlobalSection
EndGlobal
