
Microsoft Visual Studio Solution File, Format Version 12.00
# Visual Studio Version 17
VisualStudioVersion = 17.11.35327.3
MinimumVisualStudioVersion = 10.0.40219.1
Project("{FAE04EC0-301F-11D3-BF4B-00C04F79EFBC}") = "28.ProgramacionModular", "28.ProgramacionModular.csproj", "{F983B28C-AAF4-44F1-857C-DE1B6C5450E3}"
EndProject
Global
	GlobalSection(SolutionConfigurationPlatforms) = preSolution
		Debug|Any CPU = Debug|Any CPU
		Release|Any CPU = Release|Any CPU
	EndGlobalSection
	GlobalSection(ProjectConfigurationPlatforms) = postSolution
		{F983B28C-AAF4-44F1-857C-DE1B6C5450E3}.Debug|Any CPU.ActiveCfg = Debug|Any CPU
		{F983B28C-AAF4-44F1-857C-DE1B6C5450E3}.Debug|Any CPU.Build.0 = Debug|Any CPU
		{F983B28C-AAF4-44F1-857C-DE1B6C5450E3}.Release|Any CPU.ActiveCfg = Release|Any CPU
		{F983B28C-AAF4-44F1-857C-DE1B6C5450E3}.Release|Any CPU.Build.0 = Release|Any CPU
	EndGlobalSection
	GlobalSection(SolutionProperties) = preSolution
		HideSolutionNode = FALSE
	EndGlobalSection
	GlobalSection(ExtensibilityGlobals) = postSolution
		SolutionGuid = {5DB67EF5-EAF9-4D46-A4E2-DB5D1CA48A00}
	EndGlobalSection
EndGlobal
