
Microsoft Visual Studio Solution File, Format Version 12.00
# Visual Studio Version 17
VisualStudioVersion = 17.11.35327.3
MinimumVisualStudioVersion = 10.0.40219.1
Project("{FAE04EC0-301F-11D3-BF4B-00C04F79EFBC}") = "22.taller ciclos", "22.taller ciclos.csproj", "{3459BE36-C404-4B8D-81A1-0C558987BDA4}"
EndProject
Global
	GlobalSection(SolutionConfigurationPlatforms) = preSolution
		Debug|Any CPU = Debug|Any CPU
		Release|Any CPU = Release|Any CPU
	EndGlobalSection
	GlobalSection(ProjectConfigurationPlatforms) = postSolution
		{3459BE36-C404-4B8D-81A1-0C558987BDA4}.Debug|Any CPU.ActiveCfg = Debug|Any CPU
		{3459BE36-C404-4B8D-81A1-0C558987BDA4}.Debug|Any CPU.Build.0 = Debug|Any CPU
		{3459BE36-C404-4B8D-81A1-0C558987BDA4}.Release|Any CPU.ActiveCfg = Release|Any CPU
		{3459BE36-C404-4B8D-81A1-0C558987BDA4}.Release|Any CPU.Build.0 = Release|Any CPU
	EndGlobalSection
	GlobalSection(SolutionProperties) = preSolution
		HideSolutionNode = FALSE
	EndGlobalSection
	GlobalSection(ExtensibilityGlobals) = postSolution
		SolutionGuid = {09087A8C-E14F-4CD6-98C9-2C8B1FC10821}
	EndGlobalSection
EndGlobal
